
Microsoft Visual Studio Solution File, Format Version 12.00
# Visual Studio Version 17
VisualStudioVersion = 17.4.33205.214
MinimumVisualStudioVersion = 10.0.40219.1
Project("{FAE04EC0-301F-11D3-BF4B-00C04F79EFBC}") = "CSharp-CommandLineArgumentsParser", "CSharp-CommandLineArgumentsParser\CSharp-CommandLineArgumentsParser.csproj", "{C211F550-8492-4DC7-84F0-A41591FC4C94}"
EndProject
Global
	GlobalSection(SolutionConfigurationPlatforms) = preSolution
		Debug|Any CPU = Debug|Any CPU
		Release|Any CPU = Release|Any CPU
	EndGlobalSection
	GlobalSection(ProjectConfigurationPlatforms) = postSolution
		{C211F550-8492-4DC7-84F0-A41591FC4C94}.Debug|Any CPU.ActiveCfg = Debug|Any CPU
		{C211F550-8492-4DC7-84F0-A41591FC4C94}.Debug|Any CPU.Build.0 = Debug|Any CPU
		{C211F550-8492-4DC7-84F0-A41591FC4C94}.Release|Any CPU.ActiveCfg = Release|Any CPU
		{C211F550-8492-4DC7-84F0-A41591FC4C94}.Release|Any CPU.Build.0 = Release|Any CPU
	EndGlobalSection
	GlobalSection(SolutionProperties) = preSolution
		HideSolutionNode = FALSE
	EndGlobalSection
	GlobalSection(ExtensibilityGlobals) = postSolution
		SolutionGuid = {25C8DA69-7DF4-480D-92A0-C072A4B13DF3}
	EndGlobalSection
EndGlobal
